// !$*UTF8*$!
{
	archiveVersion = 1;
	classes = {
	};
	objectVersion = 55;
	objects = {

/* Begin PBXBuildFile section */
		04325F9228C7D5FE00104F4F /* ZZNewTaskView.h in Headers */ = {isa = PBXBuildFile; fileRef = 04325F9128C7D5FE00104F4F /* ZZNewTaskView.h */; settings = {ATTRIBUTES = (Public, ); }; };
		044DFF5A28CEFA5A007A098F /* ZZNewTaskViewTests.swift in Sources */ = {isa = PBXBuildFile; fileRef = 044DFF5928CEFA5A007A098F /* ZZNewTaskViewTests.swift */; };
		044DFF5B28CEFA5A007A098F /* ZZNewTaskView.framework in Frameworks */ = {isa = PBXBuildFile; fileRef = 04325F8E28C7D5FE00104F4F /* ZZNewTaskView.framework */; };
		044DFF6528CF2A94007A098F /* ZZHorizontalSelectorView.swift in Sources */ = {isa = PBXBuildFile; fileRef = 044DFF6428CF2A94007A098F /* ZZHorizontalSelectorView.swift */; };
		04679F4228C7D7320013DA42 /* ZZHorizontalSelectorViewPresentable.swift in Sources */ = {isa = PBXBuildFile; fileRef = 04679F4128C7D7320013DA42 /* ZZHorizontalSelectorViewPresentable.swift */; };
		049C3E1B28CBC32F0090FD40 /* ZZNewTaskView.swift in Sources */ = {isa = PBXBuildFile; fileRef = 049C3E1A28CBC32F0090FD40 /* ZZNewTaskView.swift */; };
		04DBFA1F28CCFADD000C598B /* ZZNewTaskView_VM.swift in Sources */ = {isa = PBXBuildFile; fileRef = 04DBFA1E28CCFADD000C598B /* ZZNewTaskView_VM.swift */; };
		04DBFA2128CCFB3C000C598B /* ZZHorizontalSelectorView_VM.swift in Sources */ = {isa = PBXBuildFile; fileRef = 04DBFA2028CCFB3C000C598B /* ZZHorizontalSelectorView_VM.swift */; };
/* End PBXBuildFile section */

/* Begin PBXContainerItemProxy section */
		044DFF5C28CEFA5A007A098F /* PBXContainerItemProxy */ = {
			isa = PBXContainerItemProxy;
			containerPortal = 04325F8528C7D5FE00104F4F /* Project object */;
			proxyType = 1;
			remoteGlobalIDString = 04325F8D28C7D5FE00104F4F;
			remoteInfo = ZZNewTaskView;
		};
/* End PBXContainerItemProxy section */

/* Begin PBXFileReference section */
		04325F8E28C7D5FE00104F4F /* ZZNewTaskView.framework */ = {isa = PBXFileReference; explicitFileType = wrapper.framework; includeInIndex = 0; path = ZZNewTaskView.framework; sourceTree = BUILT_PRODUCTS_DIR; };
		04325F9128C7D5FE00104F4F /* ZZNewTaskView.h */ = {isa = PBXFileReference; lastKnownFileType = sourcecode.c.h; path = ZZNewTaskView.h; sourceTree = "<group>"; };
		044DFF5728CEFA5A007A098F /* ZZNewTaskViewTests.xctest */ = {isa = PBXFileReference; explicitFileType = wrapper.cfbundle; includeInIndex = 0; path = ZZNewTaskViewTests.xctest; sourceTree = BUILT_PRODUCTS_DIR; };
		044DFF5928CEFA5A007A098F /* ZZNewTaskViewTests.swift */ = {isa = PBXFileReference; lastKnownFileType = sourcecode.swift; path = ZZNewTaskViewTests.swift; sourceTree = "<group>"; };
		044DFF6428CF2A94007A098F /* ZZHorizontalSelectorView.swift */ = {isa = PBXFileReference; lastKnownFileType = sourcecode.swift; path = ZZHorizontalSelectorView.swift; sourceTree = "<group>"; };
		04679F4128C7D7320013DA42 /* ZZHorizontalSelectorViewPresentable.swift */ = {isa = PBXFileReference; lastKnownFileType = sourcecode.swift; path = ZZHorizontalSelectorViewPresentable.swift; sourceTree = "<group>"; };
		049C3E1A28CBC32F0090FD40 /* ZZNewTaskView.swift */ = {isa = PBXFileReference; lastKnownFileType = sourcecode.swift; path = ZZNewTaskView.swift; sourceTree = "<group>"; };
		04DBFA1E28CCFADD000C598B /* ZZNewTaskView_VM.swift */ = {isa = PBXFileReference; lastKnownFileType = sourcecode.swift; path = ZZNewTaskView_VM.swift; sourceTree = "<group>"; };
		04DBFA2028CCFB3C000C598B /* ZZHorizontalSelectorView_VM.swift */ = {isa = PBXFileReference; lastKnownFileType = sourcecode.swift; path = ZZHorizontalSelectorView_VM.swift; sourceTree = "<group>"; };
/* End PBXFileReference section */

/* Begin PBXFrameworksBuildPhase section */
		04325F8B28C7D5FE00104F4F /* Frameworks */ = {
			isa = PBXFrameworksBuildPhase;
			buildActionMask = 2147483647;
			files = (
			);
			runOnlyForDeploymentPostprocessing = 0;
		};
		044DFF5428CEFA5A007A098F /* Frameworks */ = {
			isa = PBXFrameworksBuildPhase;
			buildActionMask = 2147483647;
			files = (
				044DFF5B28CEFA5A007A098F /* ZZNewTaskView.framework in Frameworks */,
			);
			runOnlyForDeploymentPostprocessing = 0;
		};
/* End PBXFrameworksBuildPhase section */

/* Begin PBXGroup section */
		04325F8428C7D5FE00104F4F = {
			isa = PBXGroup;
			children = (
				04325F9028C7D5FE00104F4F /* ZZNewTaskView */,
				044DFF5828CEFA5A007A098F /* ZZNewTaskViewTests */,
				04325F8F28C7D5FE00104F4F /* Products */,
			);
			sourceTree = "<group>";
		};
		04325F8F28C7D5FE00104F4F /* Products */ = {
			isa = PBXGroup;
			children = (
				04325F8E28C7D5FE00104F4F /* ZZNewTaskView.framework */,
				044DFF5728CEFA5A007A098F /* ZZNewTaskViewTests.xctest */,
			);
			name = Products;
			sourceTree = "<group>";
		};
		04325F9028C7D5FE00104F4F /* ZZNewTaskView */ = {
			isa = PBXGroup;
			children = (
				04679F4028C7D70B0013DA42 /* Models */,
				04325F9128C7D5FE00104F4F /* ZZNewTaskView.h */,
			);
			path = ZZNewTaskView;
			sourceTree = "<group>";
		};
		044DFF5228CEF985007A098F /* External */ = {
			isa = PBXGroup;
			children = (
				044DFF6228CF2A52007A098F /* ZZHorizontalSelectorView */,
			);
			path = External;
			sourceTree = "<group>";
		};
		044DFF5828CEFA5A007A098F /* ZZNewTaskViewTests */ = {
			isa = PBXGroup;
			children = (
				044DFF5928CEFA5A007A098F /* ZZNewTaskViewTests.swift */,
			);
			path = ZZNewTaskViewTests;
			sourceTree = "<group>";
		};
		044DFF6228CF2A52007A098F /* ZZHorizontalSelectorView */ = {
			isa = PBXGroup;
			children = (
				04679F4128C7D7320013DA42 /* ZZHorizontalSelectorViewPresentable.swift */,
				044DFF6628CF2BD8007A098F /* ViewModel */,
				044DFF6328CF2A6E007A098F /* View */,
			);
			path = ZZHorizontalSelectorView;
			sourceTree = "<group>";
		};
		044DFF6328CF2A6E007A098F /* View */ = {
			isa = PBXGroup;
			children = (
				044DFF6428CF2A94007A098F /* ZZHorizontalSelectorView.swift */,
			);
			path = View;
			sourceTree = "<group>";
		};
		044DFF6628CF2BD8007A098F /* ViewModel */ = {
			isa = PBXGroup;
			children = (
				04DBFA2028CCFB3C000C598B /* ZZHorizontalSelectorView_VM.swift */,
			);
			path = ViewModel;
			sourceTree = "<group>";
		};
		04679F4028C7D70B0013DA42 /* Models */ = {
			isa = PBXGroup;
			children = (
				044DFF5228CEF985007A098F /* External */,
				049C3E1A28CBC32F0090FD40 /* ZZNewTaskView.swift */,
				04DBFA1E28CCFADD000C598B /* ZZNewTaskView_VM.swift */,
			);
			path = Models;
			sourceTree = "<group>";
		};
/* End PBXGroup section */

/* Begin PBXHeadersBuildPhase section */
		04325F8928C7D5FE00104F4F /* Headers */ = {
			isa = PBXHeadersBuildPhase;
			buildActionMask = 2147483647;
			files = (
				04325F9228C7D5FE00104F4F /* ZZNewTaskView.h in Headers */,
			);
			runOnlyForDeploymentPostprocessing = 0;
		};
/* End PBXHeadersBuildPhase section */

/* Begin PBXNativeTarget section */
		04325F8D28C7D5FE00104F4F /* ZZNewTaskView */ = {
			isa = PBXNativeTarget;
			buildConfigurationList = 04325F9528C7D5FE00104F4F /* Build configuration list for PBXNativeTarget "ZZNewTaskView" */;
			buildPhases = (
				04325F8928C7D5FE00104F4F /* Headers */,
				04325F8A28C7D5FE00104F4F /* Sources */,
				04325F8B28C7D5FE00104F4F /* Frameworks */,
				04325F8C28C7D5FE00104F4F /* Resources */,
			);
			buildRules = (
			);
			dependencies = (
			);
			name = ZZNewTaskView;
			productName = ZZNewTaskView;
			productReference = 04325F8E28C7D5FE00104F4F /* ZZNewTaskView.framework */;
			productType = "com.apple.product-type.framework";
		};
		044DFF5628CEFA5A007A098F /* ZZNewTaskViewTests */ = {
			isa = PBXNativeTarget;
			buildConfigurationList = 044DFF5E28CEFA5A007A098F /* Build configuration list for PBXNativeTarget "ZZNewTaskViewTests" */;
			buildPhases = (
				044DFF5328CEFA5A007A098F /* Sources */,
				044DFF5428CEFA5A007A098F /* Frameworks */,
				044DFF5528CEFA5A007A098F /* Resources */,
			);
			buildRules = (
			);
			dependencies = (
				044DFF5D28CEFA5A007A098F /* PBXTargetDependency */,
			);
			name = ZZNewTaskViewTests;
			productName = ZZNewTaskViewTests;
			productReference = 044DFF5728CEFA5A007A098F /* ZZNewTaskViewTests.xctest */;
			productType = "com.apple.product-type.bundle.unit-test";
		};
/* End PBXNativeTarget section */

/* Begin PBXProject section */
		04325F8528C7D5FE00104F4F /* Project object */ = {
			isa = PBXProject;
			attributes = {
				BuildIndependentTargetsInParallel = 1;
				LastSwiftUpdateCheck = 1340;
				LastUpgradeCheck = 1340;
				TargetAttributes = {
					04325F8D28C7D5FE00104F4F = {
						CreatedOnToolsVersion = 13.4.1;
						LastSwiftMigration = 1340;
					};
					044DFF5628CEFA5A007A098F = {
						CreatedOnToolsVersion = 13.4.1;
					};
				};
			};
			buildConfigurationList = 04325F8828C7D5FE00104F4F /* Build configuration list for PBXProject "ZZNewTaskView" */;
			compatibilityVersion = "Xcode 13.0";
			developmentRegion = en;
			hasScannedForEncodings = 0;
			knownRegions = (
				en,
				Base,
			);
			mainGroup = 04325F8428C7D5FE00104F4F;
			productRefGroup = 04325F8F28C7D5FE00104F4F /* Products */;
			projectDirPath = "";
			projectRoot = "";
			targets = (
				04325F8D28C7D5FE00104F4F /* ZZNewTaskView */,
				044DFF5628CEFA5A007A098F /* ZZNewTaskViewTests */,
			);
		};
/* End PBXProject section */

/* Begin PBXResourcesBuildPhase section */
		04325F8C28C7D5FE00104F4F /* Resources */ = {
			isa = PBXResourcesBuildPhase;
			buildActionMask = 2147483647;
			files = (
			);
			runOnlyForDeploymentPostprocessing = 0;
		};
		044DFF5528CEFA5A007A098F /* Resources */ = {
			isa = PBXResourcesBuildPhase;
			buildActionMask = 2147483647;
			files = (
			);
			runOnlyForDeploymentPostprocessing = 0;
		};
/* End PBXResourcesBuildPhase section */

/* Begin PBXSourcesBuildPhase section */
		04325F8A28C7D5FE00104F4F /* Sources */ = {
			isa = PBXSourcesBuildPhase;
			buildActionMask = 2147483647;
			files = (
				049C3E1B28CBC32F0090FD40 /* ZZNewTaskView.swift in Sources */,
				04DBFA2128CCFB3C000C598B /* ZZHorizontalSelectorView_VM.swift in Sources */,
				044DFF6528CF2A94007A098F /* ZZHorizontalSelectorView.swift in Sources */,
				04679F4228C7D7320013DA42 /* ZZHorizontalSelectorViewPresentable.swift in Sources */,
				04DBFA1F28CCFADD000C598B /* ZZNewTaskView_VM.swift in Sources */,
			);
			runOnlyForDeploymentPostprocessing = 0;
		};
		044DFF5328CEFA5A007A098F /* Sources */ = {
			isa = PBXSourcesBuildPhase;
			buildActionMask = 2147483647;
			files = (
				044DFF5A28CEFA5A007A098F /* ZZNewTaskViewTests.swift in Sources */,
			);
			runOnlyForDeploymentPostprocessing = 0;
		};
/* End PBXSourcesBuildPhase section */

/* Begin PBXTargetDependency section */
		044DFF5D28CEFA5A007A098F /* PBXTargetDependency */ = {
			isa = PBXTargetDependency;
			target = 04325F8D28C7D5FE00104F4F /* ZZNewTaskView */;
			targetProxy = 044DFF5C28CEFA5A007A098F /* PBXContainerItemProxy */;
		};
/* End PBXTargetDependency section */

/* Begin XCBuildConfiguration section */
		04325F9328C7D5FE00104F4F /* Debug */ = {
			isa = XCBuildConfiguration;
			buildSettings = {
				ALWAYS_SEARCH_USER_PATHS = NO;
				CLANG_ANALYZER_NONNULL = YES;
				CLANG_ANALYZER_NUMBER_OBJECT_CONVERSION = YES_AGGRESSIVE;
				CLANG_CXX_LANGUAGE_STANDARD = "gnu++17";
				CLANG_ENABLE_MODULES = YES;
				CLANG_ENABLE_OBJC_ARC = YES;
				CLANG_ENABLE_OBJC_WEAK = YES;
				CLANG_WARN_BLOCK_CAPTURE_AUTORELEASING = YES;
				CLANG_WARN_BOOL_CONVERSION = YES;
				CLANG_WARN_COMMA = YES;
				CLANG_WARN_CONSTANT_CONVERSION = YES;
				CLANG_WARN_DEPRECATED_OBJC_IMPLEMENTATIONS = YES;
				CLANG_WARN_DIRECT_OBJC_ISA_USAGE = YES_ERROR;
				CLANG_WARN_DOCUMENTATION_COMMENTS = YES;
				CLANG_WARN_EMPTY_BODY = YES;
				CLANG_WARN_ENUM_CONVERSION = YES;
				CLANG_WARN_INFINITE_RECURSION = YES;
				CLANG_WARN_INT_CONVERSION = YES;
				CLANG_WARN_NON_LITERAL_NULL_CONVERSION = YES;
				CLANG_WARN_OBJC_IMPLICIT_RETAIN_SELF = YES;
				CLANG_WARN_OBJC_LITERAL_CONVERSION = YES;
				CLANG_WARN_OBJC_ROOT_CLASS = YES_ERROR;
				CLANG_WARN_QUOTED_INCLUDE_IN_FRAMEWORK_HEADER = YES;
				CLANG_WARN_RANGE_LOOP_ANALYSIS = YES;
				CLANG_WARN_STRICT_PROTOTYPES = YES;
				CLANG_WARN_SUSPICIOUS_MOVE = YES;
				CLANG_WARN_UNGUARDED_AVAILABILITY = YES_AGGRESSIVE;
				CLANG_WARN_UNREACHABLE_CODE = YES;
				CLANG_WARN__DUPLICATE_METHOD_MATCH = YES;
				COPY_PHASE_STRIP = NO;
				CURRENT_PROJECT_VERSION = 1;
				DEBUG_INFORMATION_FORMAT = dwarf;
				ENABLE_STRICT_OBJC_MSGSEND = YES;
				ENABLE_TESTABILITY = YES;
				GCC_C_LANGUAGE_STANDARD = gnu11;
				GCC_DYNAMIC_NO_PIC = NO;
				GCC_NO_COMMON_BLOCKS = YES;
				GCC_OPTIMIZATION_LEVEL = 0;
				GCC_PREPROCESSOR_DEFINITIONS = (
					"DEBUG=1",
					"$(inherited)",
				);
				GCC_WARN_64_TO_32_BIT_CONVERSION = YES;
				GCC_WARN_ABOUT_RETURN_TYPE = YES_ERROR;
				GCC_WARN_UNDECLARED_SELECTOR = YES;
				GCC_WARN_UNINITIALIZED_AUTOS = YES_AGGRESSIVE;
				GCC_WARN_UNUSED_FUNCTION = YES;
				GCC_WARN_UNUSED_VARIABLE = YES;
				MACOSX_DEPLOYMENT_TARGET = 12.3;
				MTL_ENABLE_DEBUG_INFO = INCLUDE_SOURCE;
				MTL_FAST_MATH = YES;
				ONLY_ACTIVE_ARCH = YES;
				SDKROOT = macosx;
				SWIFT_ACTIVE_COMPILATION_CONDITIONS = DEBUG;
				SWIFT_OPTIMIZATION_LEVEL = "-Onone";
				VERSIONING_SYSTEM = "apple-generic";
				VERSION_INFO_PREFIX = "";
			};
			name = Debug;
		};
		04325F9428C7D5FE00104F4F /* Release */ = {
			isa = XCBuildConfiguration;
			buildSettings = {
				ALWAYS_SEARCH_USER_PATHS = NO;
				CLANG_ANALYZER_NONNULL = YES;
				CLANG_ANALYZER_NUMBER_OBJECT_CONVERSION = YES_AGGRESSIVE;
				CLANG_CXX_LANGUAGE_STANDARD = "gnu++17";
				CLANG_ENABLE_MODULES = YES;
				CLANG_ENABLE_OBJC_ARC = YES;
				CLANG_ENABLE_OBJC_WEAK = YES;
				CLANG_WARN_BLOCK_CAPTURE_AUTORELEASING = YES;
				CLANG_WARN_BOOL_CONVERSION = YES;
				CLANG_WARN_COMMA = YES;
				CLANG_WARN_CONSTANT_CONVERSION = YES;
				CLANG_WARN_DEPRECATED_OBJC_IMPLEMENTATIONS = YES;
				CLANG_WARN_DIRECT_OBJC_ISA_USAGE = YES_ERROR;
				CLANG_WARN_DOCUMENTATION_COMMENTS = YES;
				CLANG_WARN_EMPTY_BODY = YES;
				CLANG_WARN_ENUM_CONVERSION = YES;
				CLANG_WARN_INFINITE_RECURSION = YES;
				CLANG_WARN_INT_CONVERSION = YES;
				CLANG_WARN_NON_LITERAL_NULL_CONVERSION = YES;
				CLANG_WARN_OBJC_IMPLICIT_RETAIN_SELF = YES;
				CLANG_WARN_OBJC_LITERAL_CONVERSION = YES;
				CLANG_WARN_OBJC_ROOT_CLASS = YES_ERROR;
				CLANG_WARN_QUOTED_INCLUDE_IN_FRAMEWORK_HEADER = YES;
				CLANG_WARN_RANGE_LOOP_ANALYSIS = YES;
				CLANG_WARN_STRICT_PROTOTYPES = YES;
				CLANG_WARN_SUSPICIOUS_MOVE = YES;
				CLANG_WARN_UNGUARDED_AVAILABILITY = YES_AGGRESSIVE;
				CLANG_WARN_UNREACHABLE_CODE = YES;
				CLANG_WARN__DUPLICATE_METHOD_MATCH = YES;
				COPY_PHASE_STRIP = NO;
				CURRENT_PROJECT_VERSION = 1;
				DEBUG_INFORMATION_FORMAT = "dwarf-with-dsym";
				ENABLE_NS_ASSERTIONS = NO;
				ENABLE_STRICT_OBJC_MSGSEND = YES;
				GCC_C_LANGUAGE_STANDARD = gnu11;
				GCC_NO_COMMON_BLOCKS = YES;
				GCC_WARN_64_TO_32_BIT_CONVERSION = YES;
				GCC_WARN_ABOUT_RETURN_TYPE = YES_ERROR;
				GCC_WARN_UNDECLARED_SELECTOR = YES;
				GCC_WARN_UNINITIALIZED_AUTOS = YES_AGGRESSIVE;
				GCC_WARN_UNUSED_FUNCTION = YES;
				GCC_WARN_UNUSED_VARIABLE = YES;
				MACOSX_DEPLOYMENT_TARGET = 12.3;
				MTL_ENABLE_DEBUG_INFO = NO;
				MTL_FAST_MATH = YES;
				SDKROOT = macosx;
				SWIFT_COMPILATION_MODE = wholemodule;
				SWIFT_OPTIMIZATION_LEVEL = "-O";
				VERSIONING_SYSTEM = "apple-generic";
				VERSION_INFO_PREFIX = "";
			};
			name = Release;
		};
		04325F9628C7D5FE00104F4F /* Debug */ = {
			isa = XCBuildConfiguration;
			buildSettings = {
				CLANG_ENABLE_MODULES = YES;
				CODE_SIGN_STYLE = Automatic;
				COMBINE_HIDPI_IMAGES = YES;
				CURRENT_PROJECT_VERSION = 1;
				DEFINES_MODULE = YES;
				DYLIB_COMPATIBILITY_VERSION = 1;
				DYLIB_CURRENT_VERSION = 1;
				DYLIB_INSTALL_NAME_BASE = "@rpath";
				GENERATE_INFOPLIST_FILE = YES;
				INFOPLIST_KEY_NSHumanReadableCopyright = "";
				INSTALL_PATH = "$(LOCAL_LIBRARY_DIR)/Frameworks";
				LD_RUNPATH_SEARCH_PATHS = (
					"$(inherited)",
					"@executable_path/../Frameworks",
					"@loader_path/Frameworks",
				);
				MARKETING_VERSION = 1.0;
				PRODUCT_BUNDLE_IDENTIFIER = zzmasoud.ZZNewTaskView;
				PRODUCT_NAME = "$(TARGET_NAME:c99extidentifier)";
				SKIP_INSTALL = YES;
				SWIFT_EMIT_LOC_STRINGS = YES;
				SWIFT_OPTIMIZATION_LEVEL = "-Onone";
				SWIFT_VERSION = 5.0;
			};
			name = Debug;
		};
		04325F9728C7D5FE00104F4F /* Release */ = {
			isa = XCBuildConfiguration;
			buildSettings = {
				CLANG_ENABLE_MODULES = YES;
				CODE_SIGN_STYLE = Automatic;
				COMBINE_HIDPI_IMAGES = YES;
				CURRENT_PROJECT_VERSION = 1;
				DEFINES_MODULE = YES;
				DYLIB_COMPATIBILITY_VERSION = 1;
				DYLIB_CURRENT_VERSION = 1;
				DYLIB_INSTALL_NAME_BASE = "@rpath";
				GENERATE_INFOPLIST_FILE = YES;
				INFOPLIST_KEY_NSHumanReadableCopyright = "";
				INSTALL_PATH = "$(LOCAL_LIBRARY_DIR)/Frameworks";
				LD_RUNPATH_SEARCH_PATHS = (
					"$(inherited)",
					"@executable_path/../Frameworks",
					"@loader_path/Frameworks",
				);
				MARKETING_VERSION = 1.0;
				PRODUCT_BUNDLE_IDENTIFIER = zzmasoud.ZZNewTaskView;
				PRODUCT_NAME = "$(TARGET_NAME:c99extidentifier)";
				SKIP_INSTALL = YES;
				SWIFT_EMIT_LOC_STRINGS = YES;
				SWIFT_VERSION = 5.0;
			};
			name = Release;
		};
		044DFF5F28CEFA5A007A098F /* Debug */ = {
			isa = XCBuildConfiguration;
			buildSettings = {
				CODE_SIGN_STYLE = Automatic;
				CURRENT_PROJECT_VERSION = 1;
				GENERATE_INFOPLIST_FILE = YES;
				MARKETING_VERSION = 1.0;
				PRODUCT_BUNDLE_IDENTIFIER = zzmasoud.ZZNewTaskViewTests;
				PRODUCT_NAME = "$(TARGET_NAME)";
				SWIFT_EMIT_LOC_STRINGS = NO;
				SWIFT_VERSION = 5.0;
			};
			name = Debug;
		};
		044DFF6028CEFA5A007A098F /* Release */ = {
			isa = XCBuildConfiguration;
			buildSettings = {
				CODE_SIGN_STYLE = Automatic;
				CURRENT_PROJECT_VERSION = 1;
				GENERATE_INFOPLIST_FILE = YES;
				MARKETING_VERSION = 1.0;
				PRODUCT_BUNDLE_IDENTIFIER = zzmasoud.ZZNewTaskViewTests;
				PRODUCT_NAME = "$(TARGET_NAME)";
				SWIFT_EMIT_LOC_STRINGS = NO;
				SWIFT_VERSION = 5.0;
			};
			name = Release;
		};
/* End XCBuildConfiguration section */

/* Begin XCConfigurationList section */
		04325F8828C7D5FE00104F4F /* Build configuration list for PBXProject "ZZNewTaskView" */ = {
			isa = XCConfigurationList;
			buildConfigurations = (
				04325F9328C7D5FE00104F4F /* Debug */,
				04325F9428C7D5FE00104F4F /* Release */,
			);
			defaultConfigurationIsVisible = 0;
			defaultConfigurationName = Release;
		};
		04325F9528C7D5FE00104F4F /* Build configuration list for PBXNativeTarget "ZZNewTaskView" */ = {
			isa = XCConfigurationList;
			buildConfigurations = (
				04325F9628C7D5FE00104F4F /* Debug */,
				04325F9728C7D5FE00104F4F /* Release */,
			);
			defaultConfigurationIsVisible = 0;
			defaultConfigurationName = Release;
		};
		044DFF5E28CEFA5A007A098F /* Build configuration list for PBXNativeTarget "ZZNewTaskViewTests" */ = {
			isa = XCConfigurationList;
			buildConfigurations = (
				044DFF5F28CEFA5A007A098F /* Debug */,
				044DFF6028CEFA5A007A098F /* Release */,
			);
			defaultConfigurationIsVisible = 0;
			defaultConfigurationName = Release;
		};
/* End XCConfigurationList section */
	};
	rootObject = 04325F8528C7D5FE00104F4F /* Project object */;
}
